
Microsoft Visual Studio Solution File, Format Version 12.00
# Visual Studio 15
Project("{FAE04EC0-301F-11D3-BF4B-00C04F79EFBC}") = "A1_v2.3", "A1_v2.3\A1_v2.3.csproj", "{94254D93-B825-47BD-BCB3-17020FC11EAA}"
EndProject
Project("{E53339B2-1760-4266-BCC7-CA923CBCF16C}") = "docker-compose", "docker-compose.dcproj", "{67689B30-4465-4556-AED5-47C6CC418FFA}"
EndProject
Global
	GlobalSection(SolutionConfigurationPlatforms) = preSolution
		Debug|Any CPU = Debug|Any CPU
		Release|Any CPU = Release|Any CPU
	EndGlobalSection
	GlobalSection(ProjectConfigurationPlatforms) = postSolution
		{94254D93-B825-47BD-BCB3-17020FC11EAA}.Debug|Any CPU.ActiveCfg = Debug|Any CPU
		{94254D93-B825-47BD-BCB3-17020FC11EAA}.Debug|Any CPU.Build.0 = Debug|Any CPU
		{94254D93-B825-47BD-BCB3-17020FC11EAA}.Release|Any CPU.ActiveCfg = Release|Any CPU
		{94254D93-B825-47BD-BCB3-17020FC11EAA}.Release|Any CPU.Build.0 = Release|Any CPU
		{67689B30-4465-4556-AED5-47C6CC418FFA}.Debug|Any CPU.ActiveCfg = Debug|Any CPU
		{67689B30-4465-4556-AED5-47C6CC418FFA}.Debug|Any CPU.Build.0 = Debug|Any CPU
		{67689B30-4465-4556-AED5-47C6CC418FFA}.Release|Any CPU.ActiveCfg = Release|Any CPU
		{67689B30-4465-4556-AED5-47C6CC418FFA}.Release|Any CPU.Build.0 = Release|Any CPU
	EndGlobalSection
EndGlobal
